
Microsoft Visual Studio Solution File, Format Version 12.00
# Visual Studio 15
VisualStudioVersion = 15.0.26430.16
MinimumVisualStudioVersion = 10.0.40219.1
Project("{FAE04EC0-301F-11D3-BF4B-00C04F79EFBC}") = "L10N01", "L10N01\L10N01.csproj", "{B48DB183-37F3-46B2-8CCE-D475D51B85CC}"
EndProject
Global
	GlobalSection(SolutionConfigurationPlatforms) = preSolution
		Debug|Any CPU = Debug|Any CPU
		Release|Any CPU = Release|Any CPU
	EndGlobalSection
	GlobalSection(ProjectConfigurationPlatforms) = postSolution
		{B48DB183-37F3-46B2-8CCE-D475D51B85CC}.Debug|Any CPU.ActiveCfg = Debug|Any CPU
		{B48DB183-37F3-46B2-8CCE-D475D51B85CC}.Debug|Any CPU.Build.0 = Debug|Any CPU
		{B48DB183-37F3-46B2-8CCE-D475D51B85CC}.Release|Any CPU.ActiveCfg = Release|Any CPU
		{B48DB183-37F3-46B2-8CCE-D475D51B85CC}.Release|Any CPU.Build.0 = Release|Any CPU
	EndGlobalSection
	GlobalSection(SolutionProperties) = preSolution
		HideSolutionNode = FALSE
	EndGlobalSection
EndGlobal
